# THIS IS AN AUTOGENERATED FILE. DO NOT EDIT THIS FILE DIRECTLY.
# yarn lockfile v1


argparse@^2.0.1:
  version "2.0.1"
  resolved "http://npm.fe.changbaops.com/argparse/-/argparse-2.0.1.tgz#246f50f3ca78a3240f6c997e8a9bd1eac49e4b38"
  integrity sha1-JG9Q88p4oyQPbJl+ipvR6sSeSzg=

commander@^9.0.0:
  version "9.5.0"
  resolved "http://npm.fe.changbaops.com/commander/-/commander-9.5.0.tgz#bc08d1eb5cedf7ccb797a96199d41c7bc3e60d30"
  integrity sha512-KRs7WVDKg86PWiuAqhDrAQnTXZKraVcCc6vFdL14qrZ/DcWwuRo7VoiYXalXO7S5GKpqYiVEwCbgFDfxNHKJBQ==

entities@^4.4.0:
  version "4.5.0"
  resolved "http://npm.fe.changbaops.com/entities/-/entities-4.5.0.tgz#5d268ea5e7113ec74c4d033b79ea5a35a488fb48"
  integrity sha512-V0hjH4dGPh9Ao5p0MoRY6BVqtwCjhz6vI5LT8AJ55H+4g9/4vbHx1I54fS0XuclLhDHArPQCiMjDxjaL8fPxhw==

linkify-it@^5.0.0:
  version "5.0.0"
  resolved "http://npm.fe.changbaops.com/linkify-it/-/linkify-it-5.0.0.tgz#9ef238bfa6dc70bd8e7f9572b52d369af569b421"
  integrity sha512-5aHCbzQRADcdP+ATqnDuhhJ/MRIqDkZX5pyjFHRRysS8vZ5AbqGEoFIb6pYHPZ+L/OC2Lc+xT8uHVVR5CAK/wQ==
  dependencies:
    uc.micro "^2.0.0"

markdown-it@^14.0.0:
  version "14.0.0"
  resolved "http://npm.fe.changbaops.com/markdown-it/-/markdown-it-14.0.0.tgz#b4b2ddeb0f925e88d981f84c183b59bac9e3741b"
  integrity sha512-seFjF0FIcPt4P9U39Bq1JYblX0KZCjDLFFQPHpL5AzHpqPEKtosxmdq/LTVZnjfH7tjt9BxStm+wXcDBNuYmzw==
  dependencies:
    argparse "^2.0.1"
    entities "^4.4.0"
    linkify-it "^5.0.0"
    mdurl "^2.0.0"
    punycode.js "^2.3.1"
    uc.micro "^2.0.0"

marked@^11.1.1:
  version "11.1.1"
  resolved "http://npm.fe.changbaops.com/marked/-/marked-11.1.1.tgz#e1b2407241f744fb1935fac224680874d9aff7a3"
  integrity sha512-EgxRjgK9axsQuUa/oKMx5DEY8oXpKJfk61rT5iY3aRlgU6QJtUcxU5OAymdhCvWvhYcd9FKmO5eQoX8m9VGJXg==

mdurl@^2.0.0:
  version "2.0.0"
  resolved "http://npm.fe.changbaops.com/mdurl/-/mdurl-2.0.0.tgz#80676ec0433025dd3e17ee983d0fe8de5a2237e0"
  integrity sha512-Lf+9+2r+Tdp5wXDXC4PcIBjTDtq4UKjCPMQhKIuzpJNW0b96kVqSwW0bT7FhRSfmAiFYgP+SCRvdrDozfh0U5w==

punycode.js@^2.3.1:
  version "2.3.1"
  resolved "http://npm.fe.changbaops.com/punycode.js/-/punycode.js-2.3.1.tgz#6b53e56ad75588234e79f4affa90972c7dd8cdb7"
  integrity sha512-uxFIHU0YlHYhDQtV4R9J6a52SLx28BCjT+4ieh7IGbgwVJWO+km431c4yRlREUAsAmt/uMjQUyQHNEPf0M39CA==

showdown@^2.1.0:
  version "2.1.0"
  resolved "http://npm.fe.changbaops.com/showdown/-/showdown-2.1.0.tgz#1251f5ed8f773f0c0c7bfc8e6fd23581f9e545c5"
  integrity sha512-/6NVYu4U819R2pUIk79n67SYgJHWCce0a5xTP979WbNp0FL9MN1I1QK662IDU1b6JzKTvmhgI7T7JYIxBi3kMQ==
  dependencies:
    commander "^9.0.0"

uc.micro@^2.0.0:
  version "2.0.0"
  resolved "http://npm.fe.changbaops.com/uc.micro/-/uc.micro-2.0.0.tgz#84b3c335c12b1497fd9e80fcd3bfa7634c363ff1"
  integrity sha512-DffL94LsNOccVn4hyfRe5rdKa273swqeA5DJpMOeFmEn1wCDc7nAbbB0gXlgBCL7TNzeTv6G7XVWzan7iJtfig==
